// !$*UTF8*$!
{
	archiveVersion = 1;
	classes = {
	};
	objectVersion = 48;
	objects = {

/* Begin PBXBuildFile section */
		708AB1F12043F18600FEFFFE /* AppDelegate.swift in Sources */ = {isa = PBXBuildFile; fileRef = 708AB1F02043F18600FEFFFE /* AppDelegate.swift */; };
		708AB1F32043F18600FEFFFE /* art.scnassets in Resources */ = {isa = PBXBuildFile; fileRef = 708AB1F22043F18600FEFFFE /* art.scnassets */; };
		708AB1F52043F18600FEFFFE /* ViewController.swift in Sources */ = {isa = PBXBuildFile; fileRef = 708AB1F42043F18600FEFFFE /* ViewController.swift */; };
		708AB1F82043F18600FEFFFE /* Main.storyboard in Resources */ = {isa = PBXBuildFile; fileRef = 708AB1F62043F18600FEFFFE /* Main.storyboard */; };
		708AB1FA2043F18600FEFFFE /* Assets.xcassets in Resources */ = {isa = PBXBuildFile; fileRef = 708AB1F92043F18600FEFFFE /* Assets.xcassets */; };
		708AB1FD2043F18600FEFFFE /* LaunchScreen.storyboard in Resources */ = {isa = PBXBuildFile; fileRef = 708AB1FB2043F18600FEFFFE /* LaunchScreen.storyboard */; };
/* End PBXBuildFile section */

/* Begin PBXFileReference section */
		708AB1ED2043F18600FEFFFE /* MXSAR.app */ = {isa = PBXFileReference; explicitFileType = wrapper.application; includeInIndex = 0; path = MXSAR.app; sourceTree = BUILT_PRODUCTS_DIR; };
		708AB1F02043F18600FEFFFE /* AppDelegate.swift */ = {isa = PBXFileReference; lastKnownFileType = sourcecode.swift; path = AppDelegate.swift; sourceTree = "<group>"; };
		708AB1F22043F18600FEFFFE /* art.scnassets */ = {isa = PBXFileReference; lastKnownFileType = wrapper.scnassets; path = art.scnassets; sourceTree = "<group>"; };
		708AB1F42043F18600FEFFFE /* ViewController.swift */ = {isa = PBXFileReference; lastKnownFileType = sourcecode.swift; path = ViewController.swift; sourceTree = "<group>"; };
		708AB1F72043F18600FEFFFE /* Base */ = {isa = PBXFileReference; lastKnownFileType = file.storyboard; name = Base; path = Base.lproj/Main.storyboard; sourceTree = "<group>"; };
		708AB1F92043F18600FEFFFE /* Assets.xcassets */ = {isa = PBXFileReference; lastKnownFileType = folder.assetcatalog; path = Assets.xcassets; sourceTree = "<group>"; };
		708AB1FC2043F18600FEFFFE /* Base */ = {isa = PBXFileReference; lastKnownFileType = file.storyboard; name = Base; path = Base.lproj/LaunchScreen.storyboard; sourceTree = "<group>"; };
		708AB1FE2043F18600FEFFFE /* Info.plist */ = {isa = PBXFileReference; lastKnownFileType = text.plist.xml; path = Info.plist; sourceTree = "<group>"; };
/* End PBXFileReference section */

/* Begin PBXFrameworksBuildPhase section */
		708AB1EA2043F18600FEFFFE /* Frameworks */ = {
			isa = PBXFrameworksBuildPhase;
			buildActionMask = 2147483647;
			files = (
			);
			runOnlyForDeploymentPostprocessing = 0;
		};
/* End PBXFrameworksBuildPhase section */

/* Begin PBXGroup section */
		708AB1E42043F18600FEFFFE = {
			isa = PBXGroup;
			children = (
				708AB1EF2043F18600FEFFFE /* MXSAR */,
				708AB1EE2043F18600FEFFFE /* Products */,
			);
			sourceTree = "<group>";
		};
		708AB1EE2043F18600FEFFFE /* Products */ = {
			isa = PBXGroup;
			children = (
				708AB1ED2043F18600FEFFFE /* MXSAR.app */,
			);
			name = Products;
			sourceTree = "<group>";
		};
		708AB1EF2043F18600FEFFFE /* MXSAR */ = {
			isa = PBXGroup;
			children = (
				708AB1F02043F18600FEFFFE /* AppDelegate.swift */,
				708AB1F22043F18600FEFFFE /* art.scnassets */,
				708AB1F42043F18600FEFFFE /* ViewController.swift */,
				708AB1F62043F18600FEFFFE /* Main.storyboard */,
				708AB1F92043F18600FEFFFE /* Assets.xcassets */,
				708AB1FB2043F18600FEFFFE /* LaunchScreen.storyboard */,
				708AB1FE2043F18600FEFFFE /* Info.plist */,
			);
			path = MXSAR;
			sourceTree = "<group>";
		};
/* End PBXGroup section */

/* Begin PBXNativeTarget section */
		708AB1EC2043F18600FEFFFE /* MXSAR */ = {
			isa = PBXNativeTarget;
			buildConfigurationList = 708AB2012043F18600FEFFFE /* Build configuration list for PBXNativeTarget "MXSAR" */;
			buildPhases = (
				708AB1E92043F18600FEFFFE /* Sources */,
				708AB1EA2043F18600FEFFFE /* Frameworks */,
				708AB1EB2043F18600FEFFFE /* Resources */,
			);
			buildRules = (
			);
			dependencies = (
			);
			name = MXSAR;
			productName = MXSAR;
			productReference = 708AB1ED2043F18600FEFFFE /* MXSAR.app */;
			productType = "com.apple.product-type.application";
		};
/* End PBXNativeTarget section */

/* Begin PBXProject section */
		708AB1E52043F18600FEFFFE /* Project object */ = {
			isa = PBXProject;
			attributes = {
				LastSwiftUpdateCheck = 0920;
				LastUpgradeCheck = 0920;
				ORGANIZATIONNAME = MXS;
				TargetAttributes = {
					708AB1EC2043F18600FEFFFE = {
						CreatedOnToolsVersion = 9.2;
						ProvisioningStyle = Automatic;
					};
				};
			};
			buildConfigurationList = 708AB1E82043F18600FEFFFE /* Build configuration list for PBXProject "MXSAR" */;
			compatibilityVersion = "Xcode 8.0";
			developmentRegion = en;
			hasScannedForEncodings = 0;
			knownRegions = (
				en,
				Base,
			);
			mainGroup = 708AB1E42043F18600FEFFFE;
			productRefGroup = 708AB1EE2043F18600FEFFFE /* Products */;
			projectDirPath = "";
			projectRoot = "";
			targets = (
				708AB1EC2043F18600FEFFFE /* MXSAR */,
			);
		};
/* End PBXProject section */

/* Begin PBXResourcesBuildPhase section */
		708AB1EB2043F18600FEFFFE /* Resources */ = {
			isa = PBXResourcesBuildPhase;
			buildActionMask = 2147483647;
			files = (
				708AB1F32043F18600FEFFFE /* art.scnassets in Resources */,
				708AB1FD2043F18600FEFFFE /* LaunchScreen.storyboard in Resources */,
				708AB1FA2043F18600FEFFFE /* Assets.xcassets in Resources */,
				708AB1F82043F18600FEFFFE /* Main.storyboard in Resources */,
			);
			runOnlyForDeploymentPostprocessing = 0;
		};
/* End PBXResourcesBuildPhase section */

/* Begin PBXSourcesBuildPhase section */
		708AB1E92043F18600FEFFFE /* Sources */ = {
			isa = PBXSourcesBuildPhase;
			buildActionMask = 2147483647;
			files = (
				708AB1F52043F18600FEFFFE /* ViewController.swift in Sources */,
				708AB1F12043F18600FEFFFE /* AppDelegate.swift in Sources */,
			);
			runOnlyForDeploymentPostprocessing = 0;
		};
/* End PBXSourcesBuildPhase section */

/* Begin PBXVariantGroup section */
		708AB1F62043F18600FEFFFE /* Main.storyboard */ = {
			isa = PBXVariantGroup;
			children = (
				708AB1F72043F18600FEFFFE /* Base */,
			);
			name = Main.storyboard;
			sourceTree = "<group>";
		};
		708AB1FB2043F18600FEFFFE /* LaunchScreen.storyboard */ = {
			isa = PBXVariantGroup;
			children = (
				708AB1FC2043F18600FEFFFE /* Base */,
			);
			name = LaunchScreen.storyboard;
			sourceTree = "<group>";
		};
/* End PBXVariantGroup section */

/* Begin XCBuildConfiguration section */
		708AB1FF2043F18600FEFFFE /* Debug */ = {
			isa = XCBuildConfiguration;
			buildSettings = {
				ALWAYS_SEARCH_USER_PATHS = NO;
				CLANG_ANALYZER_NONNULL = YES;
				CLANG_ANALYZER_NUMBER_OBJECT_CONVERSION = YES_AGGRESSIVE;
				CLANG_CXX_LANGUAGE_STANDARD = "gnu++14";
				CLANG_CXX_LIBRARY = "libc++";
				CLANG_ENABLE_MODULES = YES;
				CLANG_ENABLE_OBJC_ARC = YES;
				CLANG_WARN_BLOCK_CAPTURE_AUTORELEASING = YES;
				CLANG_WARN_BOOL_CONVERSION = YES;
				CLANG_WARN_COMMA = YES;
				CLANG_WARN_CONSTANT_CONVERSION = YES;
				CLANG_WARN_DIRECT_OBJC_ISA_USAGE = YES_ERROR;
				CLANG_WARN_DOCUMENTATION_COMMENTS = YES;
				CLANG_WARN_EMPTY_BODY = YES;
				CLANG_WARN_ENUM_CONVERSION = YES;
				CLANG_WARN_INFINITE_RECURSION = YES;
				CLANG_WARN_INT_CONVERSION = YES;
				CLANG_WARN_NON_LITERAL_NULL_CONVERSION = YES;
				CLANG_WARN_OBJC_LITERAL_CONVERSION = YES;
				CLANG_WARN_OBJC_ROOT_CLASS = YES_ERROR;
				CLANG_WARN_RANGE_LOOP_ANALYSIS = YES;
				CLANG_WARN_STRICT_PROTOTYPES = YES;
				CLANG_WARN_SUSPICIOUS_MOVE = YES;
				CLANG_WARN_UNGUARDED_AVAILABILITY = YES_AGGRESSIVE;
				CLANG_WARN_UNREACHABLE_CODE = YES;
				CLANG_WARN__DUPLICATE_METHOD_MATCH = YES;
				CODE_SIGN_IDENTITY = "iPhone Developer";
				COPY_PHASE_STRIP = NO;
				DEBUG_INFORMATION_FORMAT = dwarf;
				ENABLE_STRICT_OBJC_MSGSEND = YES;
				ENABLE_TESTABILITY = YES;
				GCC_C_LANGUAGE_STANDARD = gnu11;
				GCC_DYNAMIC_NO_PIC = NO;
				GCC_NO_COMMON_BLOCKS = YES;
				GCC_OPTIMIZATION_LEVEL = 0;
				GCC_PREPROCESSOR_DEFINITIONS = (
					"DEBUG=1",
					"$(inherited)",
				);
				GCC_WARN_64_TO_32_BIT_CONVERSION = YES;
				GCC_WARN_ABOUT_RETURN_TYPE = YES_ERROR;
				GCC_WARN_UNDECLARED_SELECTOR = YES;
				GCC_WARN_UNINITIALIZED_AUTOS = YES_AGGRESSIVE;
				GCC_WARN_UNUSED_FUNCTION = YES;
				GCC_WARN_UNUSED_VARIABLE = YES;
				IPHONEOS_DEPLOYMENT_TARGET = 11.2;
				MTL_ENABLE_DEBUG_INFO = YES;
				ONLY_ACTIVE_ARCH = YES;
				SDKROOT = iphoneos;
				SWIFT_ACTIVE_COMPILATION_CONDITIONS = DEBUG;
				SWIFT_OPTIMIZATION_LEVEL = "-Onone";
			};
			name = Debug;
		};
		708AB2002043F18600FEFFFE /* Release */ = {
			isa = XCBuildConfiguration;
			buildSettings = {
				ALWAYS_SEARCH_USER_PATHS = NO;
				CLANG_ANALYZER_NONNULL = YES;
				CLANG_ANALYZER_NUMBER_OBJECT_CONVERSION = YES_AGGRESSIVE;
				CLANG_CXX_LANGUAGE_STANDARD = "gnu++14";
				CLANG_CXX_LIBRARY = "libc++";
				CLANG_ENABLE_MODULES = YES;
				CLANG_ENABLE_OBJC_ARC = YES;
				CLANG_WARN_BLOCK_CAPTURE_AUTORELEASING = YES;
				CLANG_WARN_BOOL_CONVERSION = YES;
				CLANG_WARN_COMMA = YES;
				CLANG_WARN_CONSTANT_CONVERSION = YES;
				CLANG_WARN_DIRECT_OBJC_ISA_USAGE = YES_ERROR;
				CLANG_WARN_DOCUMENTATION_COMMENTS = YES;
				CLANG_WARN_EMPTY_BODY = YES;
				CLANG_WARN_ENUM_CONVERSION = YES;
				CLANG_WARN_INFINITE_RECURSION = YES;
				CLANG_WARN_INT_CONVERSION = YES;
				CLANG_WARN_NON_LITERAL_NULL_CONVERSION = YES;
				CLANG_WARN_OBJC_LITERAL_CONVERSION = YES;
				CLANG_WARN_OBJC_ROOT_CLASS = YES_ERROR;
				CLANG_WARN_RANGE_LOOP_ANALYSIS = YES;
				CLANG_WARN_STRICT_PROTOTYPES = YES;
				CLANG_WARN_SUSPICIOUS_MOVE = YES;
				CLANG_WARN_UNGUARDED_AVAILABILITY = YES_AGGRESSIVE;
				CLANG_WARN_UNREACHABLE_CODE = YES;
				CLANG_WARN__DUPLICATE_METHOD_MATCH = YES;
				CODE_SIGN_IDENTITY = "iPhone Developer";
				COPY_PHASE_STRIP = NO;
				DEBUG_INFORMATION_FORMAT = "dwarf-with-dsym";
				ENABLE_NS_ASSERTIONS = NO;
				ENABLE_STRICT_OBJC_MSGSEND = YES;
				GCC_C_LANGUAGE_STANDARD = gnu11;
				GCC_NO_COMMON_BLOCKS = YES;
				GCC_WARN_64_TO_32_BIT_CONVERSION = YES;
				GCC_WARN_ABOUT_RETURN_TYPE = YES_ERROR;
				GCC_WARN_UNDECLARED_SELECTOR = YES;
				GCC_WARN_UNINITIALIZED_AUTOS = YES_AGGRESSIVE;
				GCC_WARN_UNUSED_FUNCTION = YES;
				GCC_WARN_UNUSED_VARIABLE = YES;
				IPHONEOS_DEPLOYMENT_TARGET = 11.2;
				MTL_ENABLE_DEBUG_INFO = NO;
				SDKROOT = iphoneos;
				SWIFT_OPTIMIZATION_LEVEL = "-Owholemodule";
				VALIDATE_PRODUCT = YES;
			};
			name = Release;
		};
		708AB2022043F18600FEFFFE /* Debug */ = {
			isa = XCBuildConfiguration;
			buildSettings = {
				ASSETCATALOG_COMPILER_APPICON_NAME = AppIcon;
				CODE_SIGN_STYLE = Automatic;
				DEVELOPMENT_TEAM = 45E5AAUFA8;
				INFOPLIST_FILE = MXSAR/Info.plist;
				LD_RUNPATH_SEARCH_PATHS = "$(inherited) @executable_path/Frameworks";
				PRODUCT_BUNDLE_IDENTIFIER = MXSOC.MXSAR;
				PRODUCT_NAME = "$(TARGET_NAME)";
				SWIFT_VERSION = 4.0;
				TARGETED_DEVICE_FAMILY = "1,2";
			};
			name = Debug;
		};
		708AB2032043F18600FEFFFE /* Release */ = {
			isa = XCBuildConfiguration;
			buildSettings = {
				ASSETCATALOG_COMPILER_APPICON_NAME = AppIcon;
				CODE_SIGN_STYLE = Automatic;
				DEVELOPMENT_TEAM = 45E5AAUFA8;
				INFOPLIST_FILE = MXSAR/Info.plist;
				LD_RUNPATH_SEARCH_PATHS = "$(inherited) @executable_path/Frameworks";
				PRODUCT_BUNDLE_IDENTIFIER = MXSOC.MXSAR;
				PRODUCT_NAME = "$(TARGET_NAME)";
				SWIFT_VERSION = 4.0;
				TARGETED_DEVICE_FAMILY = "1,2";
			};
			name = Release;
		};
/* End XCBuildConfiguration section */

/* Begin XCConfigurationList section */
		708AB1E82043F18600FEFFFE /* Build configuration list for PBXProject "MXSAR" */ = {
			isa = XCConfigurationList;
			buildConfigurations = (
				708AB1FF2043F18600FEFFFE /* Debug */,
				708AB2002043F18600FEFFFE /* Release */,
			);
			defaultConfigurationIsVisible = 0;
			defaultConfigurationName = Release;
		};
		708AB2012043F18600FEFFFE /* Build configuration list for PBXNativeTarget "MXSAR" */ = {
			isa = XCConfigurationList;
			buildConfigurations = (
				708AB2022043F18600FEFFFE /* Debug */,
				708AB2032043F18600FEFFFE /* Release */,
			);
			defaultConfigurationIsVisible = 0;
			defaultConfigurationName = Release;
		};
/* End XCConfigurationList section */
	};
	rootObject = 708AB1E52043F18600FEFFFE /* Project object */;
}
